
Microsoft Visual Studio Solution File, Format Version 12.00
# Visual Studio Version 17
VisualStudioVersion = 17.4.33213.308
MinimumVisualStudioVersion = 10.0.40219.1
Project("{2150E333-8FDC-42A3-9474-1A3956D46DE8}") = "ApiResources", "ApiResources", "{E711BCAA-F0AB-431D-A636-78BEFFECFB86}"
EndProject
Project("{2150E333-8FDC-42A3-9474-1A3956D46DE8}") = "Clients", "Clients", "{593F3B20-ED8B-4F87-9B16-561F6E87A2AC}"
EndProject
Project("{9A19103F-16F7-4668-BE54-9A1E7A4F7556}") = "CodeFlow", "Clients\CodeFlow\CodeFlow.csproj", "{0DDD0F84-85A2-49E2-BE4E-3D85896854D1}"
EndProject
Project("{9A19103F-16F7-4668-BE54-9A1E7A4F7556}") = "ClientCredentialsFlow", "Clients\ClientCredentialsFlow\ClientCredentialsFlow.csproj", "{D2EDD5DF-C183-4947-AD4B-70DEB778FE17}"
EndProject
Project("{9A19103F-16F7-4668-BE54-9A1E7A4F7556}") = "Wso2", "ApiResources\Wso2\Wso2.csproj", "{F9796163-DD8F-4544-9B2E-8110B953593F}"
EndProject
Project("{9A19103F-16F7-4668-BE54-9A1E7A4F7556}") = "Cip", "ApiResources\Cip\Cip.csproj", "{55DF09A4-62C1-4D0A-8393-D88172057692}"
EndProject
Project("{9A19103F-16F7-4668-BE54-9A1E7A4F7556}") = "Tenant", "Clients\Tenant\Tenant.csproj", "{3EDEDF05-E4AC-463B-81CA-2F58C3587924}"
EndProject
Project("{9A19103F-16F7-4668-BE54-9A1E7A4F7556}") = "MvcCodeFlow", "Clients\MvcCodeFlow\MvcCodeFlow.csproj", "{7CBF36FC-EFD1-4E2D-8CC7-CC798049E40B}"
EndProject
Project("{9A19103F-16F7-4668-BE54-9A1E7A4F7556}") = "Shared", "Shared\Shared.csproj", "{AE0D0508-C488-4309-9315-69E430A020C9}"
EndProject
Global
	GlobalSection(SolutionConfigurationPlatforms) = preSolution
		Debug|Any CPU = Debug|Any CPU
		Release|Any CPU = Release|Any CPU
	EndGlobalSection
	GlobalSection(ProjectConfigurationPlatforms) = postSolution
		{0DDD0F84-85A2-49E2-BE4E-3D85896854D1}.Debug|Any CPU.ActiveCfg = Debug|Any CPU
		{0DDD0F84-85A2-49E2-BE4E-3D85896854D1}.Debug|Any CPU.Build.0 = Debug|Any CPU
		{0DDD0F84-85A2-49E2-BE4E-3D85896854D1}.Release|Any CPU.ActiveCfg = Release|Any CPU
		{0DDD0F84-85A2-49E2-BE4E-3D85896854D1}.Release|Any CPU.Build.0 = Release|Any CPU
		{D2EDD5DF-C183-4947-AD4B-70DEB778FE17}.Debug|Any CPU.ActiveCfg = Debug|Any CPU
		{D2EDD5DF-C183-4947-AD4B-70DEB778FE17}.Debug|Any CPU.Build.0 = Debug|Any CPU
		{D2EDD5DF-C183-4947-AD4B-70DEB778FE17}.Release|Any CPU.ActiveCfg = Release|Any CPU
		{D2EDD5DF-C183-4947-AD4B-70DEB778FE17}.Release|Any CPU.Build.0 = Release|Any CPU
		{F9796163-DD8F-4544-9B2E-8110B953593F}.Debug|Any CPU.ActiveCfg = Debug|Any CPU
		{F9796163-DD8F-4544-9B2E-8110B953593F}.Debug|Any CPU.Build.0 = Debug|Any CPU
		{F9796163-DD8F-4544-9B2E-8110B953593F}.Release|Any CPU.ActiveCfg = Release|Any CPU
		{F9796163-DD8F-4544-9B2E-8110B953593F}.Release|Any CPU.Build.0 = Release|Any CPU
		{55DF09A4-62C1-4D0A-8393-D88172057692}.Debug|Any CPU.ActiveCfg = Debug|Any CPU
		{55DF09A4-62C1-4D0A-8393-D88172057692}.Debug|Any CPU.Build.0 = Debug|Any CPU
		{55DF09A4-62C1-4D0A-8393-D88172057692}.Release|Any CPU.ActiveCfg = Release|Any CPU
		{55DF09A4-62C1-4D0A-8393-D88172057692}.Release|Any CPU.Build.0 = Release|Any CPU
		{3EDEDF05-E4AC-463B-81CA-2F58C3587924}.Debug|Any CPU.ActiveCfg = Debug|Any CPU
		{3EDEDF05-E4AC-463B-81CA-2F58C3587924}.Debug|Any CPU.Build.0 = Debug|Any CPU
		{3EDEDF05-E4AC-463B-81CA-2F58C3587924}.Release|Any CPU.ActiveCfg = Release|Any CPU
		{3EDEDF05-E4AC-463B-81CA-2F58C3587924}.Release|Any CPU.Build.0 = Release|Any CPU
		{7CBF36FC-EFD1-4E2D-8CC7-CC798049E40B}.Debug|Any CPU.ActiveCfg = Debug|Any CPU
		{7CBF36FC-EFD1-4E2D-8CC7-CC798049E40B}.Debug|Any CPU.Build.0 = Debug|Any CPU
		{7CBF36FC-EFD1-4E2D-8CC7-CC798049E40B}.Release|Any CPU.ActiveCfg = Release|Any CPU
		{7CBF36FC-EFD1-4E2D-8CC7-CC798049E40B}.Release|Any CPU.Build.0 = Release|Any CPU
		{AE0D0508-C488-4309-9315-69E430A020C9}.Debug|Any CPU.ActiveCfg = Debug|Any CPU
		{AE0D0508-C488-4309-9315-69E430A020C9}.Debug|Any CPU.Build.0 = Debug|Any CPU
		{AE0D0508-C488-4309-9315-69E430A020C9}.Release|Any CPU.ActiveCfg = Release|Any CPU
		{AE0D0508-C488-4309-9315-69E430A020C9}.Release|Any CPU.Build.0 = Release|Any CPU
	EndGlobalSection
	GlobalSection(SolutionProperties) = preSolution
		HideSolutionNode = FALSE
	EndGlobalSection
	GlobalSection(NestedProjects) = preSolution
		{0DDD0F84-85A2-49E2-BE4E-3D85896854D1} = {593F3B20-ED8B-4F87-9B16-561F6E87A2AC}
		{D2EDD5DF-C183-4947-AD4B-70DEB778FE17} = {593F3B20-ED8B-4F87-9B16-561F6E87A2AC}
		{F9796163-DD8F-4544-9B2E-8110B953593F} = {E711BCAA-F0AB-431D-A636-78BEFFECFB86}
		{55DF09A4-62C1-4D0A-8393-D88172057692} = {E711BCAA-F0AB-431D-A636-78BEFFECFB86}
		{3EDEDF05-E4AC-463B-81CA-2F58C3587924} = {593F3B20-ED8B-4F87-9B16-561F6E87A2AC}
		{7CBF36FC-EFD1-4E2D-8CC7-CC798049E40B} = {593F3B20-ED8B-4F87-9B16-561F6E87A2AC}
	EndGlobalSection
	GlobalSection(ExtensibilityGlobals) = postSolution
		SolutionGuid = {560E1C60-2DB6-4419-B4CC-BF3E3B6920D7}
	EndGlobalSection
EndGlobal
