
Microsoft Visual Studio Solution File, Format Version 12.00
# Visual Studio Version 17
VisualStudioVersion = 17.4.33213.308
MinimumVisualStudioVersion = 10.0.40219.1
Project("{9A19103F-16F7-4668-BE54-9A1E7A4F7556}") = "CodeFlow", "CodeFlow\CodeFlow.csproj", "{55878339-353C-47B7-AF35-F6CB3A34AD03}"
EndProject
Project("{9A19103F-16F7-4668-BE54-9A1E7A4F7556}") = "ClientCredentialsFlow", "ClientCredentialsFlow\ClientCredentialsFlow.csproj", "{569541D2-D447-4DDE-B669-89D36904A216}"
EndProject
Project("{9A19103F-16F7-4668-BE54-9A1E7A4F7556}") = "ApiResource", "ApiResource\ApiResource.csproj", "{FF411016-4DBA-4CA8-A938-9C9A45C7E2EB}"
EndProject
Global
	GlobalSection(SolutionConfigurationPlatforms) = preSolution
		Debug|Any CPU = Debug|Any CPU
		Release|Any CPU = Release|Any CPU
	EndGlobalSection
	GlobalSection(ProjectConfigurationPlatforms) = postSolution
		{55878339-353C-47B7-AF35-F6CB3A34AD03}.Debug|Any CPU.ActiveCfg = Debug|Any CPU
		{55878339-353C-47B7-AF35-F6CB3A34AD03}.Debug|Any CPU.Build.0 = Debug|Any CPU
		{55878339-353C-47B7-AF35-F6CB3A34AD03}.Release|Any CPU.ActiveCfg = Release|Any CPU
		{55878339-353C-47B7-AF35-F6CB3A34AD03}.Release|Any CPU.Build.0 = Release|Any CPU
		{569541D2-D447-4DDE-B669-89D36904A216}.Debug|Any CPU.ActiveCfg = Debug|Any CPU
		{569541D2-D447-4DDE-B669-89D36904A216}.Debug|Any CPU.Build.0 = Debug|Any CPU
		{569541D2-D447-4DDE-B669-89D36904A216}.Release|Any CPU.ActiveCfg = Release|Any CPU
		{569541D2-D447-4DDE-B669-89D36904A216}.Release|Any CPU.Build.0 = Release|Any CPU
		{FF411016-4DBA-4CA8-A938-9C9A45C7E2EB}.Debug|Any CPU.ActiveCfg = Debug|Any CPU
		{FF411016-4DBA-4CA8-A938-9C9A45C7E2EB}.Debug|Any CPU.Build.0 = Debug|Any CPU
		{FF411016-4DBA-4CA8-A938-9C9A45C7E2EB}.Release|Any CPU.ActiveCfg = Release|Any CPU
		{FF411016-4DBA-4CA8-A938-9C9A45C7E2EB}.Release|Any CPU.Build.0 = Release|Any CPU
	EndGlobalSection
	GlobalSection(SolutionProperties) = preSolution
		HideSolutionNode = FALSE
	EndGlobalSection
	GlobalSection(ExtensibilityGlobals) = postSolution
		SolutionGuid = {560E1C60-2DB6-4419-B4CC-BF3E3B6920D7}
	EndGlobalSection
EndGlobal
